
Microsoft Visual Studio Solution File, Format Version 12.00
# Visual Studio 15
VisualStudioVersion = 15.0.28010.2036
MinimumVisualStudioVersion = 10.0.40219.1
Project("{FAE04EC0-301F-11D3-BF4B-00C04F79EFBC}") = "NuovaApp", "NuovaApp\NuovaApp.csproj", "{624E786E-F603-48BA-BA17-AD0258562DCC}"
EndProject
Global
	GlobalSection(SolutionConfigurationPlatforms) = preSolution
		Debug|Any CPU = Debug|Any CPU
		Release|Any CPU = Release|Any CPU
	EndGlobalSection
	GlobalSection(ProjectConfigurationPlatforms) = postSolution
		{624E786E-F603-48BA-BA17-AD0258562DCC}.Debug|Any CPU.ActiveCfg = Debug|Any CPU
		{624E786E-F603-48BA-BA17-AD0258562DCC}.Debug|Any CPU.Build.0 = Debug|Any CPU
		{624E786E-F603-48BA-BA17-AD0258562DCC}.Release|Any CPU.ActiveCfg = Release|Any CPU
		{624E786E-F603-48BA-BA17-AD0258562DCC}.Release|Any CPU.Build.0 = Release|Any CPU
	EndGlobalSection
	GlobalSection(SolutionProperties) = preSolution
		HideSolutionNode = FALSE
	EndGlobalSection
	GlobalSection(ExtensibilityGlobals) = postSolution
		SolutionGuid = {C29BD4E7-5E87-4C9A-9F7C-1E9B04CBB580}
	EndGlobalSection
EndGlobal
